// !$*UTF8*$!
{
	archiveVersion = 1;
	classes = {
	};
	objectVersion = 48;
	objects = {

/* Begin PBXBuildFile section */
		0949376E204A59D500774ACC /* AppDelegate.swift in Sources */ = {isa = PBXBuildFile; fileRef = 0949376D204A59D500774ACC /* AppDelegate.swift */; };
		09493770204A59D500774ACC /* PhotoPickerVC.swift in Sources */ = {isa = PBXBuildFile; fileRef = 0949376F204A59D500774ACC /* PhotoPickerVC.swift */; };
		09493773204A59D500774ACC /* Main.storyboard in Resources */ = {isa = PBXBuildFile; fileRef = 09493771204A59D500774ACC /* Main.storyboard */; };
		09493776204A59D500774ACC /* KairosTutorialStarter.xcdatamodeld in Sources */ = {isa = PBXBuildFile; fileRef = 09493774204A59D500774ACC /* KairosTutorialStarter.xcdatamodeld */; };
		09493778204A59D500774ACC /* Assets.xcassets in Resources */ = {isa = PBXBuildFile; fileRef = 09493777204A59D500774ACC /* Assets.xcassets */; };
		0949377B204A59D500774ACC /* LaunchScreen.storyboard in Resources */ = {isa = PBXBuildFile; fileRef = 09493779204A59D500774ACC /* LaunchScreen.storyboard */; };
		09493786204A59D500774ACC /* KairosTutorialStarterTests.swift in Sources */ = {isa = PBXBuildFile; fileRef = 09493785204A59D500774ACC /* KairosTutorialStarterTests.swift */; };
		09493793204A5C3700774ACC /* PhotoPickerManager.swift in Sources */ = {isa = PBXBuildFile; fileRef = 09493792204A5C3700774ACC /* PhotoPickerManager.swift */; };
		09493795204A842B00774ACC /* DetectionVC.swift in Sources */ = {isa = PBXBuildFile; fileRef = 09493794204A842B00774ACC /* DetectionVC.swift */; };
		09493798204A87C800774ACC /* KairosAPI.swift in Sources */ = {isa = PBXBuildFile; fileRef = 09493797204A87C800774ACC /* KairosAPI.swift */; };
/* End PBXBuildFile section */

/* Begin PBXContainerItemProxy section */
		09493782204A59D500774ACC /* PBXContainerItemProxy */ = {
			isa = PBXContainerItemProxy;
			containerPortal = 09493762204A59D500774ACC /* Project object */;
			proxyType = 1;
			remoteGlobalIDString = 09493769204A59D500774ACC;
			remoteInfo = KairosTutorialStarter;
		};
/* End PBXContainerItemProxy section */

/* Begin PBXFileReference section */
		0949376A204A59D500774ACC /* KairosTutorialStarter.app */ = {isa = PBXFileReference; explicitFileType = wrapper.application; includeInIndex = 0; path = KairosTutorialStarter.app; sourceTree = BUILT_PRODUCTS_DIR; };
		0949376D204A59D500774ACC /* AppDelegate.swift */ = {isa = PBXFileReference; lastKnownFileType = sourcecode.swift; path = AppDelegate.swift; sourceTree = "<group>"; };
		0949376F204A59D500774ACC /* PhotoPickerVC.swift */ = {isa = PBXFileReference; lastKnownFileType = sourcecode.swift; path = PhotoPickerVC.swift; sourceTree = "<group>"; };
		09493772204A59D500774ACC /* Base */ = {isa = PBXFileReference; lastKnownFileType = file.storyboard; name = Base; path = Base.lproj/Main.storyboard; sourceTree = "<group>"; };
		09493775204A59D500774ACC /* KairosTutorialStarter.xcdatamodel */ = {isa = PBXFileReference; lastKnownFileType = wrapper.xcdatamodel; path = KairosTutorialStarter.xcdatamodel; sourceTree = "<group>"; };
		09493777204A59D500774ACC /* Assets.xcassets */ = {isa = PBXFileReference; lastKnownFileType = folder.assetcatalog; path = Assets.xcassets; sourceTree = "<group>"; };
		0949377A204A59D500774ACC /* Base */ = {isa = PBXFileReference; lastKnownFileType = file.storyboard; name = Base; path = Base.lproj/LaunchScreen.storyboard; sourceTree = "<group>"; };
		0949377C204A59D500774ACC /* Info.plist */ = {isa = PBXFileReference; lastKnownFileType = text.plist.xml; path = Info.plist; sourceTree = "<group>"; };
		09493781204A59D500774ACC /* KairosTutorialStarterTests.xctest */ = {isa = PBXFileReference; explicitFileType = wrapper.cfbundle; includeInIndex = 0; path = KairosTutorialStarterTests.xctest; sourceTree = BUILT_PRODUCTS_DIR; };
		09493785204A59D500774ACC /* KairosTutorialStarterTests.swift */ = {isa = PBXFileReference; lastKnownFileType = sourcecode.swift; path = KairosTutorialStarterTests.swift; sourceTree = "<group>"; };
		09493787204A59D500774ACC /* Info.plist */ = {isa = PBXFileReference; lastKnownFileType = text.plist.xml; path = Info.plist; sourceTree = "<group>"; };
		09493792204A5C3700774ACC /* PhotoPickerManager.swift */ = {isa = PBXFileReference; lastKnownFileType = sourcecode.swift; path = PhotoPickerManager.swift; sourceTree = "<group>"; };
		09493794204A842B00774ACC /* DetectionVC.swift */ = {isa = PBXFileReference; lastKnownFileType = sourcecode.swift; path = DetectionVC.swift; sourceTree = "<group>"; };
		09493797204A87C800774ACC /* KairosAPI.swift */ = {isa = PBXFileReference; lastKnownFileType = sourcecode.swift; path = KairosAPI.swift; sourceTree = "<group>"; };
/* End PBXFileReference section */

/* Begin PBXFrameworksBuildPhase section */
		09493767204A59D500774ACC /* Frameworks */ = {
			isa = PBXFrameworksBuildPhase;
			buildActionMask = 2147483647;
			files = (
			);
			runOnlyForDeploymentPostprocessing = 0;
		};
		0949377E204A59D500774ACC /* Frameworks */ = {
			isa = PBXFrameworksBuildPhase;
			buildActionMask = 2147483647;
			files = (
			);
			runOnlyForDeploymentPostprocessing = 0;
		};
/* End PBXFrameworksBuildPhase section */

/* Begin PBXGroup section */
		09493761204A59D500774ACC = {
			isa = PBXGroup;
			children = (
				0949376C204A59D500774ACC /* KairosTutorialStarter */,
				09493784204A59D500774ACC /* KairosTutorialStarterTests */,
				0949376B204A59D500774ACC /* Products */,
			);
			sourceTree = "<group>";
		};
		0949376B204A59D500774ACC /* Products */ = {
			isa = PBXGroup;
			children = (
				0949376A204A59D500774ACC /* KairosTutorialStarter.app */,
				09493781204A59D500774ACC /* KairosTutorialStarterTests.xctest */,
			);
			name = Products;
			sourceTree = "<group>";
		};
		0949376C204A59D500774ACC /* KairosTutorialStarter */ = {
			isa = PBXGroup;
			children = (
				0949376D204A59D500774ACC /* AppDelegate.swift */,
				09493796204A871700774ACC /* Kairos */,
				09493791204A5C1900774ACC /* View */,
				09493790204A5C0E00774ACC /* Model */,
				09493771204A59D500774ACC /* Main.storyboard */,
				09493777204A59D500774ACC /* Assets.xcassets */,
				09493779204A59D500774ACC /* LaunchScreen.storyboard */,
				0949377C204A59D500774ACC /* Info.plist */,
				09493774204A59D500774ACC /* KairosTutorialStarter.xcdatamodeld */,
			);
			path = KairosTutorialStarter;
			sourceTree = "<group>";
		};
		09493784204A59D500774ACC /* KairosTutorialStarterTests */ = {
			isa = PBXGroup;
			children = (
				09493785204A59D500774ACC /* KairosTutorialStarterTests.swift */,
				09493787204A59D500774ACC /* Info.plist */,
			);
			path = KairosTutorialStarterTests;
			sourceTree = "<group>";
		};
		09493790204A5C0E00774ACC /* Model */ = {
			isa = PBXGroup;
			children = (
				09493792204A5C3700774ACC /* PhotoPickerManager.swift */,
			);
			path = Model;
			sourceTree = "<group>";
		};
		09493791204A5C1900774ACC /* View */ = {
			isa = PBXGroup;
			children = (
				0949376F204A59D500774ACC /* PhotoPickerVC.swift */,
				09493794204A842B00774ACC /* DetectionVC.swift */,
			);
			path = View;
			sourceTree = "<group>";
		};
		09493796204A871700774ACC /* Kairos */ = {
			isa = PBXGroup;
			children = (
				09493797204A87C800774ACC /* KairosAPI.swift */,
			);
			path = Kairos;
			sourceTree = "<group>";
		};
/* End PBXGroup section */

/* Begin PBXNativeTarget section */
		09493769204A59D500774ACC /* KairosTutorialStarter */ = {
			isa = PBXNativeTarget;
			buildConfigurationList = 0949378A204A59D500774ACC /* Build configuration list for PBXNativeTarget "KairosTutorialStarter" */;
			buildPhases = (
				09493766204A59D500774ACC /* Sources */,
				09493767204A59D500774ACC /* Frameworks */,
				09493768204A59D500774ACC /* Resources */,
			);
			buildRules = (
			);
			dependencies = (
			);
			name = KairosTutorialStarter;
			productName = KairosTutorialStarter;
			productReference = 0949376A204A59D500774ACC /* KairosTutorialStarter.app */;
			productType = "com.apple.product-type.application";
		};
		09493780204A59D500774ACC /* KairosTutorialStarterTests */ = {
			isa = PBXNativeTarget;
			buildConfigurationList = 0949378D204A59D500774ACC /* Build configuration list for PBXNativeTarget "KairosTutorialStarterTests" */;
			buildPhases = (
				0949377D204A59D500774ACC /* Sources */,
				0949377E204A59D500774ACC /* Frameworks */,
				0949377F204A59D500774ACC /* Resources */,
			);
			buildRules = (
			);
			dependencies = (
				09493783204A59D500774ACC /* PBXTargetDependency */,
			);
			name = KairosTutorialStarterTests;
			productName = KairosTutorialStarterTests;
			productReference = 09493781204A59D500774ACC /* KairosTutorialStarterTests.xctest */;
			productType = "com.apple.product-type.bundle.unit-test";
		};
/* End PBXNativeTarget section */

/* Begin PBXProject section */
		09493762204A59D500774ACC /* Project object */ = {
			isa = PBXProject;
			attributes = {
				LastSwiftUpdateCheck = 0920;
				LastUpgradeCheck = 0920;
				ORGANIZATIONNAME = "James Rochabrun";
				TargetAttributes = {
					09493769204A59D500774ACC = {
						CreatedOnToolsVersion = 9.2;
						ProvisioningStyle = Automatic;
					};
					09493780204A59D500774ACC = {
						CreatedOnToolsVersion = 9.2;
						ProvisioningStyle = Automatic;
						TestTargetID = 09493769204A59D500774ACC;
					};
				};
			};
			buildConfigurationList = 09493765204A59D500774ACC /* Build configuration list for PBXProject "KairosTutorialStarter" */;
			compatibilityVersion = "Xcode 8.0";
			developmentRegion = en;
			hasScannedForEncodings = 0;
			knownRegions = (
				en,
				Base,
			);
			mainGroup = 09493761204A59D500774ACC;
			productRefGroup = 0949376B204A59D500774ACC /* Products */;
			projectDirPath = "";
			projectRoot = "";
			targets = (
				09493769204A59D500774ACC /* KairosTutorialStarter */,
				09493780204A59D500774ACC /* KairosTutorialStarterTests */,
			);
		};
/* End PBXProject section */

/* Begin PBXResourcesBuildPhase section */
		09493768204A59D500774ACC /* Resources */ = {
			isa = PBXResourcesBuildPhase;
			buildActionMask = 2147483647;
			files = (
				0949377B204A59D500774ACC /* LaunchScreen.storyboard in Resources */,
				09493778204A59D500774ACC /* Assets.xcassets in Resources */,
				09493773204A59D500774ACC /* Main.storyboard in Resources */,
			);
			runOnlyForDeploymentPostprocessing = 0;
		};
		0949377F204A59D500774ACC /* Resources */ = {
			isa = PBXResourcesBuildPhase;
			buildActionMask = 2147483647;
			files = (
			);
			runOnlyForDeploymentPostprocessing = 0;
		};
/* End PBXResourcesBuildPhase section */

/* Begin PBXSourcesBuildPhase section */
		09493766204A59D500774ACC /* Sources */ = {
			isa = PBXSourcesBuildPhase;
			buildActionMask = 2147483647;
			files = (
				09493770204A59D500774ACC /* PhotoPickerVC.swift in Sources */,
				09493798204A87C800774ACC /* KairosAPI.swift in Sources */,
				0949376E204A59D500774ACC /* AppDelegate.swift in Sources */,
				09493795204A842B00774ACC /* DetectionVC.swift in Sources */,
				09493793204A5C3700774ACC /* PhotoPickerManager.swift in Sources */,
				09493776204A59D500774ACC /* KairosTutorialStarter.xcdatamodeld in Sources */,
			);
			runOnlyForDeploymentPostprocessing = 0;
		};
		0949377D204A59D500774ACC /* Sources */ = {
			isa = PBXSourcesBuildPhase;
			buildActionMask = 2147483647;
			files = (
				09493786204A59D500774ACC /* KairosTutorialStarterTests.swift in Sources */,
			);
			runOnlyForDeploymentPostprocessing = 0;
		};
/* End PBXSourcesBuildPhase section */

/* Begin PBXTargetDependency section */
		09493783204A59D500774ACC /* PBXTargetDependency */ = {
			isa = PBXTargetDependency;
			target = 09493769204A59D500774ACC /* KairosTutorialStarter */;
			targetProxy = 09493782204A59D500774ACC /* PBXContainerItemProxy */;
		};
/* End PBXTargetDependency section */

/* Begin PBXVariantGroup section */
		09493771204A59D500774ACC /* Main.storyboard */ = {
			isa = PBXVariantGroup;
			children = (
				09493772204A59D500774ACC /* Base */,
			);
			name = Main.storyboard;
			sourceTree = "<group>";
		};
		09493779204A59D500774ACC /* LaunchScreen.storyboard */ = {
			isa = PBXVariantGroup;
			children = (
				0949377A204A59D500774ACC /* Base */,
			);
			name = LaunchScreen.storyboard;
			sourceTree = "<group>";
		};
/* End PBXVariantGroup section */

/* Begin XCBuildConfiguration section */
		09493788204A59D500774ACC /* Debug */ = {
			isa = XCBuildConfiguration;
			buildSettings = {
				ALWAYS_SEARCH_USER_PATHS = NO;
				CLANG_ANALYZER_NONNULL = YES;
				CLANG_ANALYZER_NUMBER_OBJECT_CONVERSION = YES_AGGRESSIVE;
				CLANG_CXX_LANGUAGE_STANDARD = "gnu++14";
				CLANG_CXX_LIBRARY = "libc++";
				CLANG_ENABLE_MODULES = YES;
				CLANG_ENABLE_OBJC_ARC = YES;
				CLANG_WARN_BLOCK_CAPTURE_AUTORELEASING = YES;
				CLANG_WARN_BOOL_CONVERSION = YES;
				CLANG_WARN_COMMA = YES;
				CLANG_WARN_CONSTANT_CONVERSION = YES;
				CLANG_WARN_DIRECT_OBJC_ISA_USAGE = YES_ERROR;
				CLANG_WARN_DOCUMENTATION_COMMENTS = YES;
				CLANG_WARN_EMPTY_BODY = YES;
				CLANG_WARN_ENUM_CONVERSION = YES;
				CLANG_WARN_INFINITE_RECURSION = YES;
				CLANG_WARN_INT_CONVERSION = YES;
				CLANG_WARN_NON_LITERAL_NULL_CONVERSION = YES;
				CLANG_WARN_OBJC_LITERAL_CONVERSION = YES;
				CLANG_WARN_OBJC_ROOT_CLASS = YES_ERROR;
				CLANG_WARN_RANGE_LOOP_ANALYSIS = YES;
				CLANG_WARN_STRICT_PROTOTYPES = YES;
				CLANG_WARN_SUSPICIOUS_MOVE = YES;
				CLANG_WARN_UNGUARDED_AVAILABILITY = YES_AGGRESSIVE;
				CLANG_WARN_UNREACHABLE_CODE = YES;
				CLANG_WARN__DUPLICATE_METHOD_MATCH = YES;
				CODE_SIGN_IDENTITY = "iPhone Developer";
				COPY_PHASE_STRIP = NO;
				DEBUG_INFORMATION_FORMAT = dwarf;
				ENABLE_STRICT_OBJC_MSGSEND = YES;
				ENABLE_TESTABILITY = YES;
				GCC_C_LANGUAGE_STANDARD = gnu11;
				GCC_DYNAMIC_NO_PIC = NO;
				GCC_NO_COMMON_BLOCKS = YES;
				GCC_OPTIMIZATION_LEVEL = 0;
				GCC_PREPROCESSOR_DEFINITIONS = (
					"DEBUG=1",
					"$(inherited)",
				);
				GCC_WARN_64_TO_32_BIT_CONVERSION = YES;
				GCC_WARN_ABOUT_RETURN_TYPE = YES_ERROR;
				GCC_WARN_UNDECLARED_SELECTOR = YES;
				GCC_WARN_UNINITIALIZED_AUTOS = YES_AGGRESSIVE;
				GCC_WARN_UNUSED_FUNCTION = YES;
				GCC_WARN_UNUSED_VARIABLE = YES;
				IPHONEOS_DEPLOYMENT_TARGET = 11.2;
				MTL_ENABLE_DEBUG_INFO = YES;
				ONLY_ACTIVE_ARCH = YES;
				SDKROOT = iphoneos;
				SWIFT_ACTIVE_COMPILATION_CONDITIONS = DEBUG;
				SWIFT_OPTIMIZATION_LEVEL = "-Onone";
			};
			name = Debug;
		};
		09493789204A59D500774ACC /* Release */ = {
			isa = XCBuildConfiguration;
			buildSettings = {
				ALWAYS_SEARCH_USER_PATHS = NO;
				CLANG_ANALYZER_NONNULL = YES;
				CLANG_ANALYZER_NUMBER_OBJECT_CONVERSION = YES_AGGRESSIVE;
				CLANG_CXX_LANGUAGE_STANDARD = "gnu++14";
				CLANG_CXX_LIBRARY = "libc++";
				CLANG_ENABLE_MODULES = YES;
				CLANG_ENABLE_OBJC_ARC = YES;
				CLANG_WARN_BLOCK_CAPTURE_AUTORELEASING = YES;
				CLANG_WARN_BOOL_CONVERSION = YES;
				CLANG_WARN_COMMA = YES;
				CLANG_WARN_CONSTANT_CONVERSION = YES;
				CLANG_WARN_DIRECT_OBJC_ISA_USAGE = YES_ERROR;
				CLANG_WARN_DOCUMENTATION_COMMENTS = YES;
				CLANG_WARN_EMPTY_BODY = YES;
				CLANG_WARN_ENUM_CONVERSION = YES;
				CLANG_WARN_INFINITE_RECURSION = YES;
				CLANG_WARN_INT_CONVERSION = YES;
				CLANG_WARN_NON_LITERAL_NULL_CONVERSION = YES;
				CLANG_WARN_OBJC_LITERAL_CONVERSION = YES;
				CLANG_WARN_OBJC_ROOT_CLASS = YES_ERROR;
				CLANG_WARN_RANGE_LOOP_ANALYSIS = YES;
				CLANG_WARN_STRICT_PROTOTYPES = YES;
				CLANG_WARN_SUSPICIOUS_MOVE = YES;
				CLANG_WARN_UNGUARDED_AVAILABILITY = YES_AGGRESSIVE;
				CLANG_WARN_UNREACHABLE_CODE = YES;
				CLANG_WARN__DUPLICATE_METHOD_MATCH = YES;
				CODE_SIGN_IDENTITY = "iPhone Developer";
				COPY_PHASE_STRIP = NO;
				DEBUG_INFORMATION_FORMAT = "dwarf-with-dsym";
				ENABLE_NS_ASSERTIONS = NO;
				ENABLE_STRICT_OBJC_MSGSEND = YES;
				GCC_C_LANGUAGE_STANDARD = gnu11;
				GCC_NO_COMMON_BLOCKS = YES;
				GCC_WARN_64_TO_32_BIT_CONVERSION = YES;
				GCC_WARN_ABOUT_RETURN_TYPE = YES_ERROR;
				GCC_WARN_UNDECLARED_SELECTOR = YES;
				GCC_WARN_UNINITIALIZED_AUTOS = YES_AGGRESSIVE;
				GCC_WARN_UNUSED_FUNCTION = YES;
				GCC_WARN_UNUSED_VARIABLE = YES;
				IPHONEOS_DEPLOYMENT_TARGET = 11.2;
				MTL_ENABLE_DEBUG_INFO = NO;
				SDKROOT = iphoneos;
				SWIFT_OPTIMIZATION_LEVEL = "-Owholemodule";
				VALIDATE_PRODUCT = YES;
			};
			name = Release;
		};
		0949378B204A59D500774ACC /* Debug */ = {
			isa = XCBuildConfiguration;
			buildSettings = {
				ASSETCATALOG_COMPILER_APPICON_NAME = AppIcon;
				CODE_SIGN_STYLE = Automatic;
				DEVELOPMENT_TEAM = CQ45U4X9K3;
				INFOPLIST_FILE = KairosTutorialStarter/Info.plist;
				LD_RUNPATH_SEARCH_PATHS = "$(inherited) @executable_path/Frameworks";
				PRODUCT_BUNDLE_IDENTIFIER = com.swiftlintappexample.KairosTutorialStarter;
				PRODUCT_NAME = "$(TARGET_NAME)";
				SWIFT_VERSION = 4.0;
				TARGETED_DEVICE_FAMILY = "1,2";
			};
			name = Debug;
		};
		0949378C204A59D500774ACC /* Release */ = {
			isa = XCBuildConfiguration;
			buildSettings = {
				ASSETCATALOG_COMPILER_APPICON_NAME = AppIcon;
				CODE_SIGN_STYLE = Automatic;
				DEVELOPMENT_TEAM = CQ45U4X9K3;
				INFOPLIST_FILE = KairosTutorialStarter/Info.plist;
				LD_RUNPATH_SEARCH_PATHS = "$(inherited) @executable_path/Frameworks";
				PRODUCT_BUNDLE_IDENTIFIER = com.swiftlintappexample.KairosTutorialStarter;
				PRODUCT_NAME = "$(TARGET_NAME)";
				SWIFT_VERSION = 4.0;
				TARGETED_DEVICE_FAMILY = "1,2";
			};
			name = Release;
		};
		0949378E204A59D500774ACC /* Debug */ = {
			isa = XCBuildConfiguration;
			buildSettings = {
				ALWAYS_EMBED_SWIFT_STANDARD_LIBRARIES = YES;
				BUNDLE_LOADER = "$(TEST_HOST)";
				CODE_SIGN_STYLE = Automatic;
				DEVELOPMENT_TEAM = CQ45U4X9K3;
				INFOPLIST_FILE = KairosTutorialStarterTests/Info.plist;
				LD_RUNPATH_SEARCH_PATHS = "$(inherited) @executable_path/Frameworks @loader_path/Frameworks";
				PRODUCT_BUNDLE_IDENTIFIER = com.swiftlintappexample.KairosTutorialStarterTests;
				PRODUCT_NAME = "$(TARGET_NAME)";
				SWIFT_VERSION = 4.0;
				TARGETED_DEVICE_FAMILY = "1,2";
				TEST_HOST = "$(BUILT_PRODUCTS_DIR)/KairosTutorialStarter.app/KairosTutorialStarter";
			};
			name = Debug;
		};
		0949378F204A59D500774ACC /* Release */ = {
			isa = XCBuildConfiguration;
			buildSettings = {
				ALWAYS_EMBED_SWIFT_STANDARD_LIBRARIES = YES;
				BUNDLE_LOADER = "$(TEST_HOST)";
				CODE_SIGN_STYLE = Automatic;
				DEVELOPMENT_TEAM = CQ45U4X9K3;
				INFOPLIST_FILE = KairosTutorialStarterTests/Info.plist;
				LD_RUNPATH_SEARCH_PATHS = "$(inherited) @executable_path/Frameworks @loader_path/Frameworks";
				PRODUCT_BUNDLE_IDENTIFIER = com.swiftlintappexample.KairosTutorialStarterTests;
				PRODUCT_NAME = "$(TARGET_NAME)";
				SWIFT_VERSION = 4.0;
				TARGETED_DEVICE_FAMILY = "1,2";
				TEST_HOST = "$(BUILT_PRODUCTS_DIR)/KairosTutorialStarter.app/KairosTutorialStarter";
			};
			name = Release;
		};
/* End XCBuildConfiguration section */

/* Begin XCConfigurationList section */
		09493765204A59D500774ACC /* Build configuration list for PBXProject "KairosTutorialStarter" */ = {
			isa = XCConfigurationList;
			buildConfigurations = (
				09493788204A59D500774ACC /* Debug */,
				09493789204A59D500774ACC /* Release */,
			);
			defaultConfigurationIsVisible = 0;
			defaultConfigurationName = Release;
		};
		0949378A204A59D500774ACC /* Build configuration list for PBXNativeTarget "KairosTutorialStarter" */ = {
			isa = XCConfigurationList;
			buildConfigurations = (
				0949378B204A59D500774ACC /* Debug */,
				0949378C204A59D500774ACC /* Release */,
			);
			defaultConfigurationIsVisible = 0;
			defaultConfigurationName = Release;
		};
		0949378D204A59D500774ACC /* Build configuration list for PBXNativeTarget "KairosTutorialStarterTests" */ = {
			isa = XCConfigurationList;
			buildConfigurations = (
				0949378E204A59D500774ACC /* Debug */,
				0949378F204A59D500774ACC /* Release */,
			);
			defaultConfigurationIsVisible = 0;
			defaultConfigurationName = Release;
		};
/* End XCConfigurationList section */

/* Begin XCVersionGroup section */
		09493774204A59D500774ACC /* KairosTutorialStarter.xcdatamodeld */ = {
			isa = XCVersionGroup;
			children = (
				09493775204A59D500774ACC /* KairosTutorialStarter.xcdatamodel */,
			);
			currentVersion = 09493775204A59D500774ACC /* KairosTutorialStarter.xcdatamodel */;
			path = KairosTutorialStarter.xcdatamodeld;
			sourceTree = "<group>";
			versionGroupType = wrapper.xcdatamodel;
		};
/* End XCVersionGroup section */
	};
	rootObject = 09493762204A59D500774ACC /* Project object */;
}
